
Microsoft Visual Studio Solution File, Format Version 12.00
# Visual Studio Version 16
VisualStudioVersion = 16.0.30611.23
MinimumVisualStudioVersion = 10.0.40219.1
Project("{FAE04EC0-301F-11D3-BF4B-00C04F79EFBC}") = "5NIT_ConsApp_OefeningenMethodes", "5NIT_ConsApp_OefeningenMethodes\5NIT_ConsApp_OefeningenMethodes.csproj", "{47D08226-5169-4426-B953-AC93E3F6FF6E}"
EndProject
Global
	GlobalSection(SolutionConfigurationPlatforms) = preSolution
		Debug|Any CPU = Debug|Any CPU
		Release|Any CPU = Release|Any CPU
	EndGlobalSection
	GlobalSection(ProjectConfigurationPlatforms) = postSolution
		{47D08226-5169-4426-B953-AC93E3F6FF6E}.Debug|Any CPU.ActiveCfg = Debug|Any CPU
		{47D08226-5169-4426-B953-AC93E3F6FF6E}.Debug|Any CPU.Build.0 = Debug|Any CPU
		{47D08226-5169-4426-B953-AC93E3F6FF6E}.Release|Any CPU.ActiveCfg = Release|Any CPU
		{47D08226-5169-4426-B953-AC93E3F6FF6E}.Release|Any CPU.Build.0 = Release|Any CPU
	EndGlobalSection
	GlobalSection(SolutionProperties) = preSolution
		HideSolutionNode = FALSE
	EndGlobalSection
	GlobalSection(ExtensibilityGlobals) = postSolution
		SolutionGuid = {62AF5904-A5E2-4862-867D-EC9280563328}
	EndGlobalSection
EndGlobal
